PODS:
  - Layout (0.0.1)

DEPENDENCIES:
  - Layout (from `https://github.com/librecht-official/Layout.git`)

EXTERNAL SOURCES:
  Layout:
    :git: https://github.com/librecht-official/Layout.git

CHECKOUT OPTIONS:
  Layout:
    :commit: 2d4a095661b6458299f4708bb979b756fea5d8d4
    :git: https://github.com/librecht-official/Layout.git

SPEC CHECKSUMS:
  Layout: d3c7f2c939eba6cfc0957493fa3335f286afc220

PODFILE CHECKSUM: a4168d51a315245fc9c86633ccabadea6cc01b86

COCOAPODS: 1.7.3
