PODS:
  - Layout (0.0.1)

DEPENDENCIES:
  - Layout (from `https://github.com/librecht-official/Layout.git`, tag `0.0.1`)

EXTERNAL SOURCES:
  Layout:
    :git: https://github.com/librecht-official/Layout.git
    :tag: 0.0.1

CHECKOUT OPTIONS:
  Layout:
    :git: https://github.com/librecht-official/Layout.git
    :tag: 0.0.1

SPEC CHECKSUMS:
  Layout: 4cf4abd6d7ec2fbdc3348990aad80a64d476f40a

PODFILE CHECKSUM: 8d0b1d64382ef16e3f2a222ce90ee67a7ff5be9d

COCOAPODS: 1.7.3
