// !$*UTF8*$!
{
	archiveVersion = 1;
	classes = {
	};
	objectVersion = 51;
	objects = {

/* Begin PBXBuildFile section */
		A4EB9392237B1987AC48FA20 /* Pods_LayoutTests.framework in Frameworks */ = {isa = PBXBuildFile; fileRef = 3FFA11FC283F368843DE4926 /* Pods_LayoutTests.framework */; };
		C8C88AC6EFDDCA061FA20D68 /* Pods_LayoutExample.framework in Frameworks */ = {isa = PBXBuildFile; fileRef = FA4681492E24D60F1BE3FCBA /* Pods_LayoutExample.framework */; };
		F509229D22ECA81600527DAB /* AppDelegate.swift in Sources */ = {isa = PBXBuildFile; fileRef = F509229C22ECA81600527DAB /* AppDelegate.swift */; };
		F509229F22ECA81600527DAB /* TestViewController.swift in Sources */ = {isa = PBXBuildFile; fileRef = F509229E22ECA81600527DAB /* TestViewController.swift */; };
		F50922A422ECA81700527DAB /* Assets.xcassets in Resources */ = {isa = PBXBuildFile; fileRef = F50922A322ECA81700527DAB /* Assets.xcassets */; };
		F50922A722ECA81700527DAB /* LaunchScreen.storyboard in Resources */ = {isa = PBXBuildFile; fileRef = F50922A522ECA81700527DAB /* LaunchScreen.storyboard */; };
		F559A2CF233664DD00DD2A59 /* ColumnWithLessThanRuleView.swift in Sources */ = {isa = PBXBuildFile; fileRef = F559A2CE233664DD00DD2A59 /* ColumnWithLessThanRuleView.swift */; };
		F559A2D12336686800DD2A59 /* Text.swift in Sources */ = {isa = PBXBuildFile; fileRef = F559A2D02336686800DD2A59 /* Text.swift */; };
		F559A2E42337431A00DD2A59 /* RowWithLessThanRuleView.swift in Sources */ = {isa = PBXBuildFile; fileRef = F559A2E32337431A00DD2A59 /* RowWithLessThanRuleView.swift */; };
		F559A31F23379D9B00DD2A59 /* ColumnTests.swift in Sources */ = {isa = PBXBuildFile; fileRef = F559A31E23379D9B00DD2A59 /* ColumnTests.swift */; };
		F559A3272337A5BB00DD2A59 /* ToCode.swift in Sources */ = {isa = PBXBuildFile; fileRef = F559A3262337A5BB00DD2A59 /* ToCode.swift */; };
		F559A32A2337A65C00DD2A59 /* RowTests.swift in Sources */ = {isa = PBXBuildFile; fileRef = F559A3292337A65C00DD2A59 /* RowTests.swift */; };
		F559A32E2337A84800DD2A59 /* ViewMocks.swift in Sources */ = {isa = PBXBuildFile; fileRef = F559A32D2337A84800DD2A59 /* ViewMocks.swift */; };
		F559A3322337AA3900DD2A59 /* CoreTests.swift in Sources */ = {isa = PBXBuildFile; fileRef = F559A3312337AA3900DD2A59 /* CoreTests.swift */; };
		F559A3362337AA8700DD2A59 /* DeclarativeLayoutAPITests.swift in Sources */ = {isa = PBXBuildFile; fileRef = F559A3352337AA8700DD2A59 /* DeclarativeLayoutAPITests.swift */; };
		F559A33C2337ABD500DD2A59 /* TestViews.swift in Sources */ = {isa = PBXBuildFile; fileRef = F559A33B2337ABD500DD2A59 /* TestViews.swift */; };
/* End PBXBuildFile section */

/* Begin PBXContainerItemProxy section */
		F559A32123379D9B00DD2A59 /* PBXContainerItemProxy */ = {
			isa = PBXContainerItemProxy;
			containerPortal = F509229122ECA81600527DAB /* Project object */;
			proxyType = 1;
			remoteGlobalIDString = F509229822ECA81600527DAB;
			remoteInfo = LayoutExample;
		};
/* End PBXContainerItemProxy section */

/* Begin PBXFileReference section */
		31D40528CDB9E08276A62836 /* Pods-LayoutTests.release.xcconfig */ = {isa = PBXFileReference; includeInIndex = 1; lastKnownFileType = text.xcconfig; name = "Pods-LayoutTests.release.xcconfig"; path = "Target Support Files/Pods-LayoutTests/Pods-LayoutTests.release.xcconfig"; sourceTree = "<group>"; };
		3FFA11FC283F368843DE4926 /* Pods_LayoutTests.framework */ = {isa = PBXFileReference; explicitFileType = wrapper.framework; includeInIndex = 0; path = Pods_LayoutTests.framework; sourceTree = BUILT_PRODUCTS_DIR; };
		4BE2DEDF950F33C9AD4FC167 /* Pods-LayoutExample.debug.xcconfig */ = {isa = PBXFileReference; includeInIndex = 1; lastKnownFileType = text.xcconfig; name = "Pods-LayoutExample.debug.xcconfig"; path = "Target Support Files/Pods-LayoutExample/Pods-LayoutExample.debug.xcconfig"; sourceTree = "<group>"; };
		89A09FDBF2A321004EBFF458 /* Pods-LayoutExample.release.xcconfig */ = {isa = PBXFileReference; includeInIndex = 1; lastKnownFileType = text.xcconfig; name = "Pods-LayoutExample.release.xcconfig"; path = "Target Support Files/Pods-LayoutExample/Pods-LayoutExample.release.xcconfig"; sourceTree = "<group>"; };
		F509229922ECA81600527DAB /* LayoutExample.app */ = {isa = PBXFileReference; explicitFileType = wrapper.application; includeInIndex = 0; path = LayoutExample.app; sourceTree = BUILT_PRODUCTS_DIR; };
		F509229C22ECA81600527DAB /* AppDelegate.swift */ = {isa = PBXFileReference; lastKnownFileType = sourcecode.swift; path = AppDelegate.swift; sourceTree = "<group>"; };
		F509229E22ECA81600527DAB /* TestViewController.swift */ = {isa = PBXFileReference; lastKnownFileType = sourcecode.swift; path = TestViewController.swift; sourceTree = "<group>"; };
		F50922A322ECA81700527DAB /* Assets.xcassets */ = {isa = PBXFileReference; lastKnownFileType = folder.assetcatalog; path = Assets.xcassets; sourceTree = "<group>"; };
		F50922A622ECA81700527DAB /* Base */ = {isa = PBXFileReference; lastKnownFileType = file.storyboard; name = Base; path = Base.lproj/LaunchScreen.storyboard; sourceTree = "<group>"; };
		F50922A822ECA81700527DAB /* Info.plist */ = {isa = PBXFileReference; lastKnownFileType = text.plist.xml; path = Info.plist; sourceTree = "<group>"; };
		F559A2CE233664DD00DD2A59 /* ColumnWithLessThanRuleView.swift */ = {isa = PBXFileReference; lastKnownFileType = sourcecode.swift; path = ColumnWithLessThanRuleView.swift; sourceTree = "<group>"; };
		F559A2D02336686800DD2A59 /* Text.swift */ = {isa = PBXFileReference; lastKnownFileType = sourcecode.swift; path = Text.swift; sourceTree = "<group>"; };
		F559A2E32337431A00DD2A59 /* RowWithLessThanRuleView.swift */ = {isa = PBXFileReference; lastKnownFileType = sourcecode.swift; path = RowWithLessThanRuleView.swift; sourceTree = "<group>"; };
		F559A31C23379D9B00DD2A59 /* LayoutTests.xctest */ = {isa = PBXFileReference; explicitFileType = wrapper.cfbundle; includeInIndex = 0; path = LayoutTests.xctest; sourceTree = BUILT_PRODUCTS_DIR; };
		F559A31E23379D9B00DD2A59 /* ColumnTests.swift */ = {isa = PBXFileReference; lastKnownFileType = sourcecode.swift; path = ColumnTests.swift; sourceTree = "<group>"; };
		F559A32023379D9B00DD2A59 /* Info.plist */ = {isa = PBXFileReference; lastKnownFileType = text.plist.xml; path = Info.plist; sourceTree = "<group>"; };
		F559A3262337A5BB00DD2A59 /* ToCode.swift */ = {isa = PBXFileReference; lastKnownFileType = sourcecode.swift; path = ToCode.swift; sourceTree = "<group>"; };
		F559A3292337A65C00DD2A59 /* RowTests.swift */ = {isa = PBXFileReference; lastKnownFileType = sourcecode.swift; path = RowTests.swift; sourceTree = "<group>"; };
		F559A32D2337A84800DD2A59 /* ViewMocks.swift */ = {isa = PBXFileReference; lastKnownFileType = sourcecode.swift; path = ViewMocks.swift; sourceTree = "<group>"; };
		F559A3312337AA3900DD2A59 /* CoreTests.swift */ = {isa = PBXFileReference; lastKnownFileType = sourcecode.swift; path = CoreTests.swift; sourceTree = "<group>"; };
		F559A3352337AA8700DD2A59 /* DeclarativeLayoutAPITests.swift */ = {isa = PBXFileReference; fileEncoding = 4; lastKnownFileType = sourcecode.swift; path = DeclarativeLayoutAPITests.swift; sourceTree = "<group>"; };
		F559A33B2337ABD500DD2A59 /* TestViews.swift */ = {isa = PBXFileReference; lastKnownFileType = sourcecode.swift; path = TestViews.swift; sourceTree = "<group>"; };
		F9E8548928B7BAE012CBD030 /* Pods-LayoutTests.debug.xcconfig */ = {isa = PBXFileReference; includeInIndex = 1; lastKnownFileType = text.xcconfig; name = "Pods-LayoutTests.debug.xcconfig"; path = "Target Support Files/Pods-LayoutTests/Pods-LayoutTests.debug.xcconfig"; sourceTree = "<group>"; };
		FA4681492E24D60F1BE3FCBA /* Pods_LayoutExample.framework */ = {isa = PBXFileReference; explicitFileType = wrapper.framework; includeInIndex = 0; path = Pods_LayoutExample.framework; sourceTree = BUILT_PRODUCTS_DIR; };
/* End PBXFileReference section */

/* Begin PBXFrameworksBuildPhase section */
		F509229622ECA81600527DAB /* Frameworks */ = {
			isa = PBXFrameworksBuildPhase;
			buildActionMask = 2147483647;
			files = (
				C8C88AC6EFDDCA061FA20D68 /* Pods_LayoutExample.framework in Frameworks */,
			);
			runOnlyForDeploymentPostprocessing = 0;
		};
		F559A31923379D9B00DD2A59 /* Frameworks */ = {
			isa = PBXFrameworksBuildPhase;
			buildActionMask = 2147483647;
			files = (
				A4EB9392237B1987AC48FA20 /* Pods_LayoutTests.framework in Frameworks */,
			);
			runOnlyForDeploymentPostprocessing = 0;
		};
/* End PBXFrameworksBuildPhase section */

/* Begin PBXGroup section */
		036E0362762F8518F73CB9BA /* Pods */ = {
			isa = PBXGroup;
			children = (
				4BE2DEDF950F33C9AD4FC167 /* Pods-LayoutExample.debug.xcconfig */,
				89A09FDBF2A321004EBFF458 /* Pods-LayoutExample.release.xcconfig */,
				F9E8548928B7BAE012CBD030 /* Pods-LayoutTests.debug.xcconfig */,
				31D40528CDB9E08276A62836 /* Pods-LayoutTests.release.xcconfig */,
			);
			path = Pods;
			sourceTree = "<group>";
		};
		B240D502E375AFD874083421 /* Frameworks */ = {
			isa = PBXGroup;
			children = (
				FA4681492E24D60F1BE3FCBA /* Pods_LayoutExample.framework */,
				3FFA11FC283F368843DE4926 /* Pods_LayoutTests.framework */,
			);
			name = Frameworks;
			sourceTree = "<group>";
		};
		F509229022ECA81600527DAB = {
			isa = PBXGroup;
			children = (
				F509229B22ECA81600527DAB /* LayoutExample */,
				F559A31D23379D9B00DD2A59 /* LayoutTests */,
				F509229A22ECA81600527DAB /* Products */,
				036E0362762F8518F73CB9BA /* Pods */,
				B240D502E375AFD874083421 /* Frameworks */,
			);
			sourceTree = "<group>";
		};
		F509229A22ECA81600527DAB /* Products */ = {
			isa = PBXGroup;
			children = (
				F509229922ECA81600527DAB /* LayoutExample.app */,
				F559A31C23379D9B00DD2A59 /* LayoutTests.xctest */,
			);
			name = Products;
			sourceTree = "<group>";
		};
		F509229B22ECA81600527DAB /* LayoutExample */ = {
			isa = PBXGroup;
			children = (
				F509229C22ECA81600527DAB /* AppDelegate.swift */,
				F509229E22ECA81600527DAB /* TestViewController.swift */,
				F559A32F2337A8D100DD2A59 /* Helpers */,
				F559A3392337AB6000DD2A59 /* Resources */,
				F559A33A2337ABAC00DD2A59 /* TestViews */,
			);
			path = LayoutExample;
			sourceTree = "<group>";
		};
		F559A31D23379D9B00DD2A59 /* LayoutTests */ = {
			isa = PBXGroup;
			children = (
				F559A32023379D9B00DD2A59 /* Info.plist */,
				F559A3262337A5BB00DD2A59 /* ToCode.swift */,
				F559A3302337AA3000DD2A59 /* CoreTests */,
				F559A3282337A5E400DD2A59 /* Declarative */,
			);
			path = LayoutTests;
			sourceTree = "<group>";
		};
		F559A3282337A5E400DD2A59 /* Declarative */ = {
			isa = PBXGroup;
			children = (
				F559A3352337AA8700DD2A59 /* DeclarativeLayoutAPITests.swift */,
				F559A31E23379D9B00DD2A59 /* ColumnTests.swift */,
				F559A3292337A65C00DD2A59 /* RowTests.swift */,
			);
			path = Declarative;
			sourceTree = "<group>";
		};
		F559A32F2337A8D100DD2A59 /* Helpers */ = {
			isa = PBXGroup;
			children = (
				F559A2D02336686800DD2A59 /* Text.swift */,
				F559A32D2337A84800DD2A59 /* ViewMocks.swift */,
			);
			path = Helpers;
			sourceTree = "<group>";
		};
		F559A3302337AA3000DD2A59 /* CoreTests */ = {
			isa = PBXGroup;
			children = (
				F559A3312337AA3900DD2A59 /* CoreTests.swift */,
			);
			path = CoreTests;
			sourceTree = "<group>";
		};
		F559A3392337AB6000DD2A59 /* Resources */ = {
			isa = PBXGroup;
			children = (
				F50922A822ECA81700527DAB /* Info.plist */,
				F50922A322ECA81700527DAB /* Assets.xcassets */,
				F50922A522ECA81700527DAB /* LaunchScreen.storyboard */,
			);
			path = Resources;
			sourceTree = "<group>";
		};
		F559A33A2337ABAC00DD2A59 /* TestViews */ = {
			isa = PBXGroup;
			children = (
				F559A2CE233664DD00DD2A59 /* ColumnWithLessThanRuleView.swift */,
				F559A2E32337431A00DD2A59 /* RowWithLessThanRuleView.swift */,
				F559A33B2337ABD500DD2A59 /* TestViews.swift */,
			);
			path = TestViews;
			sourceTree = "<group>";
		};
/* End PBXGroup section */

/* Begin PBXNativeTarget section */
		F509229822ECA81600527DAB /* LayoutExample */ = {
			isa = PBXNativeTarget;
			buildConfigurationList = F50922AB22ECA81700527DAB /* Build configuration list for PBXNativeTarget "LayoutExample" */;
			buildPhases = (
				62F31FA10C5C3DF7DB16ED59 /* [CP] Check Pods Manifest.lock */,
				F509229522ECA81600527DAB /* Sources */,
				F509229622ECA81600527DAB /* Frameworks */,
				F509229722ECA81600527DAB /* Resources */,
				5710F263C0F07845CA165C8E /* [CP] Embed Pods Frameworks */,
			);
			buildRules = (
			);
			dependencies = (
			);
			name = LayoutExample;
			productName = LayoutExample;
			productReference = F509229922ECA81600527DAB /* LayoutExample.app */;
			productType = "com.apple.product-type.application";
		};
		F559A31B23379D9B00DD2A59 /* LayoutTests */ = {
			isa = PBXNativeTarget;
			buildConfigurationList = F559A32323379D9B00DD2A59 /* Build configuration list for PBXNativeTarget "LayoutTests" */;
			buildPhases = (
				20F0BFAFE523CB540D145C0E /* [CP] Check Pods Manifest.lock */,
				F559A31823379D9B00DD2A59 /* Sources */,
				F559A31923379D9B00DD2A59 /* Frameworks */,
				F559A31A23379D9B00DD2A59 /* Resources */,
				1B6E45E107327D468FA26584 /* [CP] Embed Pods Frameworks */,
			);
			buildRules = (
			);
			dependencies = (
				F559A32223379D9B00DD2A59 /* PBXTargetDependency */,
			);
			name = LayoutTests;
			productName = LayoutTests;
			productReference = F559A31C23379D9B00DD2A59 /* LayoutTests.xctest */;
			productType = "com.apple.product-type.bundle.unit-test";
		};
/* End PBXNativeTarget section */

/* Begin PBXProject section */
		F509229122ECA81600527DAB /* Project object */ = {
			isa = PBXProject;
			attributes = {
				LastSwiftUpdateCheck = 1030;
				LastUpgradeCheck = 1010;
				ORGANIZATIONNAME = "Vladislav Librecht";
				TargetAttributes = {
					F509229822ECA81600527DAB = {
						CreatedOnToolsVersion = 10.1;
						LastSwiftMigration = 1030;
					};
					F559A31B23379D9B00DD2A59 = {
						CreatedOnToolsVersion = 10.3;
						TestTargetID = F509229822ECA81600527DAB;
					};
				};
			};
			buildConfigurationList = F509229422ECA81600527DAB /* Build configuration list for PBXProject "LayoutExample" */;
			compatibilityVersion = "Xcode 9.3";
			developmentRegion = en;
			hasScannedForEncodings = 0;
			knownRegions = (
				en,
				Base,
			);
			mainGroup = F509229022ECA81600527DAB;
			productRefGroup = F509229A22ECA81600527DAB /* Products */;
			projectDirPath = "";
			projectRoot = "";
			targets = (
				F509229822ECA81600527DAB /* LayoutExample */,
				F559A31B23379D9B00DD2A59 /* LayoutTests */,
			);
		};
/* End PBXProject section */

/* Begin PBXResourcesBuildPhase section */
		F509229722ECA81600527DAB /* Resources */ = {
			isa = PBXResourcesBuildPhase;
			buildActionMask = 2147483647;
			files = (
				F50922A722ECA81700527DAB /* LaunchScreen.storyboard in Resources */,
				F50922A422ECA81700527DAB /* Assets.xcassets in Resources */,
			);
			runOnlyForDeploymentPostprocessing = 0;
		};
		F559A31A23379D9B00DD2A59 /* Resources */ = {
			isa = PBXResourcesBuildPhase;
			buildActionMask = 2147483647;
			files = (
			);
			runOnlyForDeploymentPostprocessing = 0;
		};
/* End PBXResourcesBuildPhase section */

/* Begin PBXShellScriptBuildPhase section */
		1B6E45E107327D468FA26584 /* [CP] Embed Pods Frameworks */ = {
			isa = PBXShellScriptBuildPhase;
			buildActionMask = 2147483647;
			files = (
			);
			inputFileListPaths = (
				"${PODS_ROOT}/Target Support Files/Pods-LayoutTests/Pods-LayoutTests-frameworks-${CONFIGURATION}-input-files.xcfilelist",
			);
			name = "[CP] Embed Pods Frameworks";
			outputFileListPaths = (
				"${PODS_ROOT}/Target Support Files/Pods-LayoutTests/Pods-LayoutTests-frameworks-${CONFIGURATION}-output-files.xcfilelist",
			);
			runOnlyForDeploymentPostprocessing = 0;
			shellPath = /bin/sh;
			shellScript = "\"${PODS_ROOT}/Target Support Files/Pods-LayoutTests/Pods-LayoutTests-frameworks.sh\"\n";
			showEnvVarsInLog = 0;
		};
		20F0BFAFE523CB540D145C0E /* [CP] Check Pods Manifest.lock */ = {
			isa = PBXShellScriptBuildPhase;
			buildActionMask = 2147483647;
			files = (
			);
			inputFileListPaths = (
			);
			inputPaths = (
				"${PODS_PODFILE_DIR_PATH}/Podfile.lock",
				"${PODS_ROOT}/Manifest.lock",
			);
			name = "[CP] Check Pods Manifest.lock";
			outputFileListPaths = (
			);
			outputPaths = (
				"$(DERIVED_FILE_DIR)/Pods-LayoutTests-checkManifestLockResult.txt",
			);
			runOnlyForDeploymentPostprocessing = 0;
			shellPath = /bin/sh;
			shellScript = "diff \"${PODS_PODFILE_DIR_PATH}/Podfile.lock\" \"${PODS_ROOT}/Manifest.lock\" > /dev/null\nif [ $? != 0 ] ; then\n    # print error to STDERR\n    echo \"error: The sandbox is not in sync with the Podfile.lock. Run 'pod install' or update your CocoaPods installation.\" >&2\n    exit 1\nfi\n# This output is used by Xcode 'outputs' to avoid re-running this script phase.\necho \"SUCCESS\" > \"${SCRIPT_OUTPUT_FILE_0}\"\n";
			showEnvVarsInLog = 0;
		};
		5710F263C0F07845CA165C8E /* [CP] Embed Pods Frameworks */ = {
			isa = PBXShellScriptBuildPhase;
			buildActionMask = 2147483647;
			files = (
			);
			inputFileListPaths = (
				"${PODS_ROOT}/Target Support Files/Pods-LayoutExample/Pods-LayoutExample-frameworks-${CONFIGURATION}-input-files.xcfilelist",
			);
			name = "[CP] Embed Pods Frameworks";
			outputFileListPaths = (
				"${PODS_ROOT}/Target Support Files/Pods-LayoutExample/Pods-LayoutExample-frameworks-${CONFIGURATION}-output-files.xcfilelist",
			);
			runOnlyForDeploymentPostprocessing = 0;
			shellPath = /bin/sh;
			shellScript = "\"${PODS_ROOT}/Target Support Files/Pods-LayoutExample/Pods-LayoutExample-frameworks.sh\"\n";
			showEnvVarsInLog = 0;
		};
		62F31FA10C5C3DF7DB16ED59 /* [CP] Check Pods Manifest.lock */ = {
			isa = PBXShellScriptBuildPhase;
			buildActionMask = 2147483647;
			files = (
			);
			inputFileListPaths = (
			);
			inputPaths = (
				"${PODS_PODFILE_DIR_PATH}/Podfile.lock",
				"${PODS_ROOT}/Manifest.lock",
			);
			name = "[CP] Check Pods Manifest.lock";
			outputFileListPaths = (
			);
			outputPaths = (
				"$(DERIVED_FILE_DIR)/Pods-LayoutExample-checkManifestLockResult.txt",
			);
			runOnlyForDeploymentPostprocessing = 0;
			shellPath = /bin/sh;
			shellScript = "diff \"${PODS_PODFILE_DIR_PATH}/Podfile.lock\" \"${PODS_ROOT}/Manifest.lock\" > /dev/null\nif [ $? != 0 ] ; then\n    # print error to STDERR\n    echo \"error: The sandbox is not in sync with the Podfile.lock. Run 'pod install' or update your CocoaPods installation.\" >&2\n    exit 1\nfi\n# This output is used by Xcode 'outputs' to avoid re-running this script phase.\necho \"SUCCESS\" > \"${SCRIPT_OUTPUT_FILE_0}\"\n";
			showEnvVarsInLog = 0;
		};
/* End PBXShellScriptBuildPhase section */

/* Begin PBXSourcesBuildPhase section */
		F509229522ECA81600527DAB /* Sources */ = {
			isa = PBXSourcesBuildPhase;
			buildActionMask = 2147483647;
			files = (
				F559A2E42337431A00DD2A59 /* RowWithLessThanRuleView.swift in Sources */,
				F509229F22ECA81600527DAB /* TestViewController.swift in Sources */,
				F509229D22ECA81600527DAB /* AppDelegate.swift in Sources */,
				F559A2D12336686800DD2A59 /* Text.swift in Sources */,
				F559A32E2337A84800DD2A59 /* ViewMocks.swift in Sources */,
				F559A33C2337ABD500DD2A59 /* TestViews.swift in Sources */,
				F559A2CF233664DD00DD2A59 /* ColumnWithLessThanRuleView.swift in Sources */,
			);
			runOnlyForDeploymentPostprocessing = 0;
		};
		F559A31823379D9B00DD2A59 /* Sources */ = {
			isa = PBXSourcesBuildPhase;
			buildActionMask = 2147483647;
			files = (
				F559A32A2337A65C00DD2A59 /* RowTests.swift in Sources */,
				F559A3272337A5BB00DD2A59 /* ToCode.swift in Sources */,
				F559A3322337AA3900DD2A59 /* CoreTests.swift in Sources */,
				F559A3362337AA8700DD2A59 /* DeclarativeLayoutAPITests.swift in Sources */,
				F559A31F23379D9B00DD2A59 /* ColumnTests.swift in Sources */,
			);
			runOnlyForDeploymentPostprocessing = 0;
		};
/* End PBXSourcesBuildPhase section */

/* Begin PBXTargetDependency section */
		F559A32223379D9B00DD2A59 /* PBXTargetDependency */ = {
			isa = PBXTargetDependency;
			target = F509229822ECA81600527DAB /* LayoutExample */;
			targetProxy = F559A32123379D9B00DD2A59 /* PBXContainerItemProxy */;
		};
/* End PBXTargetDependency section */

/* Begin PBXVariantGroup section */
		F50922A522ECA81700527DAB /* LaunchScreen.storyboard */ = {
			isa = PBXVariantGroup;
			children = (
				F50922A622ECA81700527DAB /* Base */,
			);
			name = LaunchScreen.storyboard;
			sourceTree = "<group>";
		};
/* End PBXVariantGroup section */

/* Begin XCBuildConfiguration section */
		F50922A922ECA81700527DAB /* Debug */ = {
			isa = XCBuildConfiguration;
			buildSettings = {
				ALWAYS_SEARCH_USER_PATHS = NO;
				CLANG_ANALYZER_NONNULL = YES;
				CLANG_ANALYZER_NUMBER_OBJECT_CONVERSION = YES_AGGRESSIVE;
				CLANG_CXX_LANGUAGE_STANDARD = "gnu++14";
				CLANG_CXX_LIBRARY = "libc++";
				CLANG_ENABLE_MODULES = YES;
				CLANG_ENABLE_OBJC_ARC = YES;
				CLANG_ENABLE_OBJC_WEAK = YES;
				CLANG_WARN_BLOCK_CAPTURE_AUTORELEASING = YES;
				CLANG_WARN_BOOL_CONVERSION = YES;
				CLANG_WARN_COMMA = YES;
				CLANG_WARN_CONSTANT_CONVERSION = YES;
				CLANG_WARN_DEPRECATED_OBJC_IMPLEMENTATIONS = YES;
				CLANG_WARN_DIRECT_OBJC_ISA_USAGE = YES_ERROR;
				CLANG_WARN_DOCUMENTATION_COMMENTS = YES;
				CLANG_WARN_EMPTY_BODY = YES;
				CLANG_WARN_ENUM_CONVERSION = YES;
				CLANG_WARN_INFINITE_RECURSION = YES;
				CLANG_WARN_INT_CONVERSION = YES;
				CLANG_WARN_NON_LITERAL_NULL_CONVERSION = YES;
				CLANG_WARN_OBJC_IMPLICIT_RETAIN_SELF = YES;
				CLANG_WARN_OBJC_LITERAL_CONVERSION = YES;
				CLANG_WARN_OBJC_ROOT_CLASS = YES_ERROR;
				CLANG_WARN_RANGE_LOOP_ANALYSIS = YES;
				CLANG_WARN_STRICT_PROTOTYPES = YES;
				CLANG_WARN_SUSPICIOUS_MOVE = YES;
				CLANG_WARN_UNGUARDED_AVAILABILITY = YES_AGGRESSIVE;
				CLANG_WARN_UNREACHABLE_CODE = YES;
				CLANG_WARN__DUPLICATE_METHOD_MATCH = YES;
				CODE_SIGN_IDENTITY = "iPhone Developer";
				COPY_PHASE_STRIP = NO;
				DEBUG_INFORMATION_FORMAT = dwarf;
				ENABLE_STRICT_OBJC_MSGSEND = YES;
				ENABLE_TESTABILITY = YES;
				GCC_C_LANGUAGE_STANDARD = gnu11;
				GCC_DYNAMIC_NO_PIC = NO;
				GCC_NO_COMMON_BLOCKS = YES;
				GCC_OPTIMIZATION_LEVEL = 0;
				GCC_PREPROCESSOR_DEFINITIONS = (
					"DEBUG=1",
					"$(inherited)",
				);
				GCC_WARN_64_TO_32_BIT_CONVERSION = YES;
				GCC_WARN_ABOUT_RETURN_TYPE = YES_ERROR;
				GCC_WARN_UNDECLARED_SELECTOR = YES;
				GCC_WARN_UNINITIALIZED_AUTOS = YES_AGGRESSIVE;
				GCC_WARN_UNUSED_FUNCTION = YES;
				GCC_WARN_UNUSED_VARIABLE = YES;
				IPHONEOS_DEPLOYMENT_TARGET = 12.1;
				MTL_ENABLE_DEBUG_INFO = INCLUDE_SOURCE;
				MTL_FAST_MATH = YES;
				ONLY_ACTIVE_ARCH = YES;
				SDKROOT = iphoneos;
				SWIFT_ACTIVE_COMPILATION_CONDITIONS = DEBUG;
				SWIFT_OPTIMIZATION_LEVEL = "-Onone";
			};
			name = Debug;
		};
		F50922AA22ECA81700527DAB /* Release */ = {
			isa = XCBuildConfiguration;
			buildSettings = {
				ALWAYS_SEARCH_USER_PATHS = NO;
				CLANG_ANALYZER_NONNULL = YES;
				CLANG_ANALYZER_NUMBER_OBJECT_CONVERSION = YES_AGGRESSIVE;
				CLANG_CXX_LANGUAGE_STANDARD = "gnu++14";
				CLANG_CXX_LIBRARY = "libc++";
				CLANG_ENABLE_MODULES = YES;
				CLANG_ENABLE_OBJC_ARC = YES;
				CLANG_ENABLE_OBJC_WEAK = YES;
				CLANG_WARN_BLOCK_CAPTURE_AUTORELEASING = YES;
				CLANG_WARN_BOOL_CONVERSION = YES;
				CLANG_WARN_COMMA = YES;
				CLANG_WARN_CONSTANT_CONVERSION = YES;
				CLANG_WARN_DEPRECATED_OBJC_IMPLEMENTATIONS = YES;
				CLANG_WARN_DIRECT_OBJC_ISA_USAGE = YES_ERROR;
				CLANG_WARN_DOCUMENTATION_COMMENTS = YES;
				CLANG_WARN_EMPTY_BODY = YES;
				CLANG_WARN_ENUM_CONVERSION = YES;
				CLANG_WARN_INFINITE_RECURSION = YES;
				CLANG_WARN_INT_CONVERSION = YES;
				CLANG_WARN_NON_LITERAL_NULL_CONVERSION = YES;
				CLANG_WARN_OBJC_IMPLICIT_RETAIN_SELF = YES;
				CLANG_WARN_OBJC_LITERAL_CONVERSION = YES;
				CLANG_WARN_OBJC_ROOT_CLASS = YES_ERROR;
				CLANG_WARN_RANGE_LOOP_ANALYSIS = YES;
				CLANG_WARN_STRICT_PROTOTYPES = YES;
				CLANG_WARN_SUSPICIOUS_MOVE = YES;
				CLANG_WARN_UNGUARDED_AVAILABILITY = YES_AGGRESSIVE;
				CLANG_WARN_UNREACHABLE_CODE = YES;
				CLANG_WARN__DUPLICATE_METHOD_MATCH = YES;
				CODE_SIGN_IDENTITY = "iPhone Developer";
				COPY_PHASE_STRIP = NO;
				DEBUG_INFORMATION_FORMAT = "dwarf-with-dsym";
				ENABLE_NS_ASSERTIONS = NO;
				ENABLE_STRICT_OBJC_MSGSEND = YES;
				GCC_C_LANGUAGE_STANDARD = gnu11;
				GCC_NO_COMMON_BLOCKS = YES;
				GCC_WARN_64_TO_32_BIT_CONVERSION = YES;
				GCC_WARN_ABOUT_RETURN_TYPE = YES_ERROR;
				GCC_WARN_UNDECLARED_SELECTOR = YES;
				GCC_WARN_UNINITIALIZED_AUTOS = YES_AGGRESSIVE;
				GCC_WARN_UNUSED_FUNCTION = YES;
				GCC_WARN_UNUSED_VARIABLE = YES;
				IPHONEOS_DEPLOYMENT_TARGET = 12.1;
				MTL_ENABLE_DEBUG_INFO = NO;
				MTL_FAST_MATH = YES;
				SDKROOT = iphoneos;
				SWIFT_COMPILATION_MODE = wholemodule;
				SWIFT_OPTIMIZATION_LEVEL = "-O";
				VALIDATE_PRODUCT = YES;
			};
			name = Release;
		};
		F50922AC22ECA81700527DAB /* Debug */ = {
			isa = XCBuildConfiguration;
			baseConfigurationReference = 4BE2DEDF950F33C9AD4FC167 /* Pods-LayoutExample.debug.xcconfig */;
			buildSettings = {
				ASSETCATALOG_COMPILER_APPICON_NAME = AppIcon;
				CODE_SIGN_STYLE = Automatic;
				INFOPLIST_FILE = LayoutExample/Resources/Info.plist;
				LD_RUNPATH_SEARCH_PATHS = (
					"$(inherited)",
					"@executable_path/Frameworks",
				);
				PRODUCT_BUNDLE_IDENTIFIER = com.librecht.LayoutExample;
				PRODUCT_NAME = "$(TARGET_NAME)";
				SWIFT_VERSION = 5.0;
				TARGETED_DEVICE_FAMILY = "1,2";
			};
			name = Debug;
		};
		F50922AD22ECA81700527DAB /* Release */ = {
			isa = XCBuildConfiguration;
			baseConfigurationReference = 89A09FDBF2A321004EBFF458 /* Pods-LayoutExample.release.xcconfig */;
			buildSettings = {
				ASSETCATALOG_COMPILER_APPICON_NAME = AppIcon;
				CODE_SIGN_STYLE = Automatic;
				INFOPLIST_FILE = LayoutExample/Resources/Info.plist;
				LD_RUNPATH_SEARCH_PATHS = (
					"$(inherited)",
					"@executable_path/Frameworks",
				);
				PRODUCT_BUNDLE_IDENTIFIER = com.librecht.LayoutExample;
				PRODUCT_NAME = "$(TARGET_NAME)";
				SWIFT_VERSION = 5.0;
				TARGETED_DEVICE_FAMILY = "1,2";
			};
			name = Release;
		};
		F559A32423379D9B00DD2A59 /* Debug */ = {
			isa = XCBuildConfiguration;
			baseConfigurationReference = F9E8548928B7BAE012CBD030 /* Pods-LayoutTests.debug.xcconfig */;
			buildSettings = {
				BUNDLE_LOADER = "$(TEST_HOST)";
				CODE_SIGN_STYLE = Automatic;
				DEVELOPMENT_TEAM = X77EZY7VKW;
				INFOPLIST_FILE = LayoutTests/Info.plist;
				IPHONEOS_DEPLOYMENT_TARGET = 12.4;
				LD_RUNPATH_SEARCH_PATHS = (
					"$(inherited)",
					"@executable_path/Frameworks",
					"@loader_path/Frameworks",
				);
				PRODUCT_BUNDLE_IDENTIFIER = com.librecht.LayoutTests;
				PRODUCT_NAME = "$(TARGET_NAME)";
				SWIFT_VERSION = 5.0;
				TARGETED_DEVICE_FAMILY = "1,2";
				TEST_HOST = "$(BUILT_PRODUCTS_DIR)/LayoutExample.app/LayoutExample";
			};
			name = Debug;
		};
		F559A32523379D9B00DD2A59 /* Release */ = {
			isa = XCBuildConfiguration;
			baseConfigurationReference = 31D40528CDB9E08276A62836 /* Pods-LayoutTests.release.xcconfig */;
			buildSettings = {
				BUNDLE_LOADER = "$(TEST_HOST)";
				CODE_SIGN_STYLE = Automatic;
				DEVELOPMENT_TEAM = X77EZY7VKW;
				INFOPLIST_FILE = LayoutTests/Info.plist;
				IPHONEOS_DEPLOYMENT_TARGET = 12.4;
				LD_RUNPATH_SEARCH_PATHS = (
					"$(inherited)",
					"@executable_path/Frameworks",
					"@loader_path/Frameworks",
				);
				PRODUCT_BUNDLE_IDENTIFIER = com.librecht.LayoutTests;
				PRODUCT_NAME = "$(TARGET_NAME)";
				SWIFT_VERSION = 5.0;
				TARGETED_DEVICE_FAMILY = "1,2";
				TEST_HOST = "$(BUILT_PRODUCTS_DIR)/LayoutExample.app/LayoutExample";
			};
			name = Release;
		};
/* End XCBuildConfiguration section */

/* Begin XCConfigurationList section */
		F509229422ECA81600527DAB /* Build configuration list for PBXProject "LayoutExample" */ = {
			isa = XCConfigurationList;
			buildConfigurations = (
				F50922A922ECA81700527DAB /* Debug */,
				F50922AA22ECA81700527DAB /* Release */,
			);
			defaultConfigurationIsVisible = 0;
			defaultConfigurationName = Release;
		};
		F50922AB22ECA81700527DAB /* Build configuration list for PBXNativeTarget "LayoutExample" */ = {
			isa = XCConfigurationList;
			buildConfigurations = (
				F50922AC22ECA81700527DAB /* Debug */,
				F50922AD22ECA81700527DAB /* Release */,
			);
			defaultConfigurationIsVisible = 0;
			defaultConfigurationName = Release;
		};
		F559A32323379D9B00DD2A59 /* Build configuration list for PBXNativeTarget "LayoutTests" */ = {
			isa = XCConfigurationList;
			buildConfigurations = (
				F559A32423379D9B00DD2A59 /* Debug */,
				F559A32523379D9B00DD2A59 /* Release */,
			);
			defaultConfigurationIsVisible = 0;
			defaultConfigurationName = Release;
		};
/* End XCConfigurationList section */
	};
	rootObject = F509229122ECA81600527DAB /* Project object */;
}
