// !$*UTF8*$!
{
	archiveVersion = 1;
	classes = {
	};
	objectVersion = 50;
	objects = {

/* Begin PBXBuildFile section */
		F509225422EC8ADD00527DAB /* Layout.h in Headers */ = {isa = PBXBuildFile; fileRef = F509224622EC8ADD00527DAB /* Layout.h */; settings = {ATTRIBUTES = (Public, ); }; };
		F509228822EC8D1E00527DAB /* StackLayout.swift in Sources */ = {isa = PBXBuildFile; fileRef = F509228022EC8D1E00527DAB /* StackLayout.swift */; };
		F509228922EC8D1E00527DAB /* WidthAwareStackLayout.swift in Sources */ = {isa = PBXBuildFile; fileRef = F509228122EC8D1E00527DAB /* WidthAwareStackLayout.swift */; };
		F509228A22EC8D1E00527DAB /* HeightAwareStackLayout.swift in Sources */ = {isa = PBXBuildFile; fileRef = F509228222EC8D1E00527DAB /* HeightAwareStackLayout.swift */; };
		F509228B22EC8D1E00527DAB /* Layout.swift in Sources */ = {isa = PBXBuildFile; fileRef = F509228322EC8D1E00527DAB /* Layout.swift */; };
		F50922B222ECA91700527DAB /* UIKit+Layout.swift in Sources */ = {isa = PBXBuildFile; fileRef = F50922AE22ECA91700527DAB /* UIKit+Layout.swift */; };
		F559A2D62336726C00DD2A59 /* Center.swift in Sources */ = {isa = PBXBuildFile; fileRef = F559A2D52336726C00DD2A59 /* Center.swift */; };
		F559A2D82336729600DD2A59 /* Length.swift in Sources */ = {isa = PBXBuildFile; fileRef = F559A2D72336729600DD2A59 /* Length.swift */; };
		F559A2DA233672CD00DD2A59 /* VerticalLayout.swift in Sources */ = {isa = PBXBuildFile; fileRef = F559A2D9233672CD00DD2A59 /* VerticalLayout.swift */; };
		F559A2DC233672F500DD2A59 /* HorizontalLayout.swift in Sources */ = {isa = PBXBuildFile; fileRef = F559A2DB233672F500DD2A59 /* HorizontalLayout.swift */; };
		F559A2DE2336732200DD2A59 /* AspectRatioLayout.swift in Sources */ = {isa = PBXBuildFile; fileRef = F559A2DD2336732200DD2A59 /* AspectRatioLayout.swift */; };
		F559A2E02336735B00DD2A59 /* SizeAware.swift in Sources */ = {isa = PBXBuildFile; fileRef = F559A2DF2336735B00DD2A59 /* SizeAware.swift */; };
		F559A2E92337825400DD2A59 /* Insets.swift in Sources */ = {isa = PBXBuildFile; fileRef = F559A2E82337825400DD2A59 /* Insets.swift */; };
		F559A2EB2337827300DD2A59 /* FrameHolder.swift in Sources */ = {isa = PBXBuildFile; fileRef = F559A2EA2337827300DD2A59 /* FrameHolder.swift */; };
		F559A2ED2337829200DD2A59 /* LayoutComponent.swift in Sources */ = {isa = PBXBuildFile; fileRef = F559A2EC2337829200DD2A59 /* LayoutComponent.swift */; };
		F559A2F0233782BB00DD2A59 /* Component.swift in Sources */ = {isa = PBXBuildFile; fileRef = F559A2EF233782BB00DD2A59 /* Component.swift */; };
		F559A2F3233782E400DD2A59 /* Component+SizeAware.swift in Sources */ = {isa = PBXBuildFile; fileRef = F559A2F2233782E400DD2A59 /* Component+SizeAware.swift */; };
		F559A2F52337830E00DD2A59 /* Container.swift in Sources */ = {isa = PBXBuildFile; fileRef = F559A2F42337830E00DD2A59 /* Container.swift */; };
		F559A2F72337832F00DD2A59 /* AspectRatioComponent.swift in Sources */ = {isa = PBXBuildFile; fileRef = F559A2F62337832F00DD2A59 /* AspectRatioComponent.swift */; };
		F559A2F92337834A00DD2A59 /* EmptyComponent.swift in Sources */ = {isa = PBXBuildFile; fileRef = F559A2F82337834A00DD2A59 /* EmptyComponent.swift */; };
		F559A2FB2337841F00DD2A59 /* HeightAwareComponent.swift in Sources */ = {isa = PBXBuildFile; fileRef = F559A2FA2337841F00DD2A59 /* HeightAwareComponent.swift */; };
		F559A2FD2337845B00DD2A59 /* HeightAwareLayoutComponent.swift in Sources */ = {isa = PBXBuildFile; fileRef = F559A2FC2337845B00DD2A59 /* HeightAwareLayoutComponent.swift */; };
		F559A2FF2337846E00DD2A59 /* HeightAwareContainer.swift in Sources */ = {isa = PBXBuildFile; fileRef = F559A2FE2337846E00DD2A59 /* HeightAwareContainer.swift */; };
		F559A3012337849100DD2A59 /* HeightAwareColumn.swift in Sources */ = {isa = PBXBuildFile; fileRef = F559A3002337849100DD2A59 /* HeightAwareColumn.swift */; };
		F559A3042337867000DD2A59 /* ColumnItem.swift in Sources */ = {isa = PBXBuildFile; fileRef = F559A3032337867000DD2A59 /* ColumnItem.swift */; };
		F559A3062337868D00DD2A59 /* Column.swift in Sources */ = {isa = PBXBuildFile; fileRef = F559A3052337868D00DD2A59 /* Column.swift */; };
		F559A308233786A800DD2A59 /* RowItem.swift in Sources */ = {isa = PBXBuildFile; fileRef = F559A307233786A800DD2A59 /* RowItem.swift */; };
		F559A30A233786C900DD2A59 /* Row.swift in Sources */ = {isa = PBXBuildFile; fileRef = F559A309233786C900DD2A59 /* Row.swift */; };
		F559A30C233788BC00DD2A59 /* WidthAwareComponent.swift in Sources */ = {isa = PBXBuildFile; fileRef = F559A30B233788BC00DD2A59 /* WidthAwareComponent.swift */; };
		F559A30E233788C500DD2A59 /* WidthAwareLayoutComponent.swift in Sources */ = {isa = PBXBuildFile; fileRef = F559A30D233788C500DD2A59 /* WidthAwareLayoutComponent.swift */; };
		F559A310233788EF00DD2A59 /* WidthAwareContainer.swift in Sources */ = {isa = PBXBuildFile; fileRef = F559A30F233788EF00DD2A59 /* WidthAwareContainer.swift */; };
		F559A3122337890B00DD2A59 /* WidthAwareRow.swift in Sources */ = {isa = PBXBuildFile; fileRef = F559A3112337890B00DD2A59 /* WidthAwareRow.swift */; };
/* End PBXBuildFile section */

/* Begin PBXFileReference section */
		F509224322EC8ADD00527DAB /* Layout.framework */ = {isa = PBXFileReference; explicitFileType = wrapper.framework; includeInIndex = 0; path = Layout.framework; sourceTree = BUILT_PRODUCTS_DIR; };
		F509224622EC8ADD00527DAB /* Layout.h */ = {isa = PBXFileReference; lastKnownFileType = sourcecode.c.h; path = Layout.h; sourceTree = "<group>"; };
		F509224722EC8ADD00527DAB /* Info.plist */ = {isa = PBXFileReference; lastKnownFileType = text.plist.xml; path = Info.plist; sourceTree = "<group>"; };
		F509228022EC8D1E00527DAB /* StackLayout.swift */ = {isa = PBXFileReference; fileEncoding = 4; lastKnownFileType = sourcecode.swift; path = StackLayout.swift; sourceTree = "<group>"; };
		F509228122EC8D1E00527DAB /* WidthAwareStackLayout.swift */ = {isa = PBXFileReference; fileEncoding = 4; lastKnownFileType = sourcecode.swift; path = WidthAwareStackLayout.swift; sourceTree = "<group>"; };
		F509228222EC8D1E00527DAB /* HeightAwareStackLayout.swift */ = {isa = PBXFileReference; fileEncoding = 4; lastKnownFileType = sourcecode.swift; path = HeightAwareStackLayout.swift; sourceTree = "<group>"; };
		F509228322EC8D1E00527DAB /* Layout.swift */ = {isa = PBXFileReference; fileEncoding = 4; lastKnownFileType = sourcecode.swift; path = Layout.swift; sourceTree = "<group>"; };
		F50922AE22ECA91700527DAB /* UIKit+Layout.swift */ = {isa = PBXFileReference; fileEncoding = 4; lastKnownFileType = sourcecode.swift; path = "UIKit+Layout.swift"; sourceTree = "<group>"; };
		F559A2D52336726C00DD2A59 /* Center.swift */ = {isa = PBXFileReference; lastKnownFileType = sourcecode.swift; path = Center.swift; sourceTree = "<group>"; };
		F559A2D72336729600DD2A59 /* Length.swift */ = {isa = PBXFileReference; lastKnownFileType = sourcecode.swift; path = Length.swift; sourceTree = "<group>"; };
		F559A2D9233672CD00DD2A59 /* VerticalLayout.swift */ = {isa = PBXFileReference; lastKnownFileType = sourcecode.swift; path = VerticalLayout.swift; sourceTree = "<group>"; };
		F559A2DB233672F500DD2A59 /* HorizontalLayout.swift */ = {isa = PBXFileReference; lastKnownFileType = sourcecode.swift; path = HorizontalLayout.swift; sourceTree = "<group>"; };
		F559A2DD2336732200DD2A59 /* AspectRatioLayout.swift */ = {isa = PBXFileReference; lastKnownFileType = sourcecode.swift; path = AspectRatioLayout.swift; sourceTree = "<group>"; };
		F559A2DF2336735B00DD2A59 /* SizeAware.swift */ = {isa = PBXFileReference; lastKnownFileType = sourcecode.swift; path = SizeAware.swift; sourceTree = "<group>"; };
		F559A2E82337825400DD2A59 /* Insets.swift */ = {isa = PBXFileReference; lastKnownFileType = sourcecode.swift; path = Insets.swift; sourceTree = "<group>"; };
		F559A2EA2337827300DD2A59 /* FrameHolder.swift */ = {isa = PBXFileReference; lastKnownFileType = sourcecode.swift; path = FrameHolder.swift; sourceTree = "<group>"; };
		F559A2EC2337829200DD2A59 /* LayoutComponent.swift */ = {isa = PBXFileReference; lastKnownFileType = sourcecode.swift; path = LayoutComponent.swift; sourceTree = "<group>"; };
		F559A2EF233782BB00DD2A59 /* Component.swift */ = {isa = PBXFileReference; lastKnownFileType = sourcecode.swift; path = Component.swift; sourceTree = "<group>"; };
		F559A2F2233782E400DD2A59 /* Component+SizeAware.swift */ = {isa = PBXFileReference; lastKnownFileType = sourcecode.swift; path = "Component+SizeAware.swift"; sourceTree = "<group>"; };
		F559A2F42337830E00DD2A59 /* Container.swift */ = {isa = PBXFileReference; lastKnownFileType = sourcecode.swift; path = Container.swift; sourceTree = "<group>"; };
		F559A2F62337832F00DD2A59 /* AspectRatioComponent.swift */ = {isa = PBXFileReference; lastKnownFileType = sourcecode.swift; path = AspectRatioComponent.swift; sourceTree = "<group>"; };
		F559A2F82337834A00DD2A59 /* EmptyComponent.swift */ = {isa = PBXFileReference; lastKnownFileType = sourcecode.swift; path = EmptyComponent.swift; sourceTree = "<group>"; };
		F559A2FA2337841F00DD2A59 /* HeightAwareComponent.swift */ = {isa = PBXFileReference; lastKnownFileType = sourcecode.swift; path = HeightAwareComponent.swift; sourceTree = "<group>"; };
		F559A2FC2337845B00DD2A59 /* HeightAwareLayoutComponent.swift */ = {isa = PBXFileReference; lastKnownFileType = sourcecode.swift; path = HeightAwareLayoutComponent.swift; sourceTree = "<group>"; };
		F559A2FE2337846E00DD2A59 /* HeightAwareContainer.swift */ = {isa = PBXFileReference; lastKnownFileType = sourcecode.swift; path = HeightAwareContainer.swift; sourceTree = "<group>"; };
		F559A3002337849100DD2A59 /* HeightAwareColumn.swift */ = {isa = PBXFileReference; lastKnownFileType = sourcecode.swift; path = HeightAwareColumn.swift; sourceTree = "<group>"; };
		F559A3032337867000DD2A59 /* ColumnItem.swift */ = {isa = PBXFileReference; lastKnownFileType = sourcecode.swift; path = ColumnItem.swift; sourceTree = "<group>"; };
		F559A3052337868D00DD2A59 /* Column.swift */ = {isa = PBXFileReference; lastKnownFileType = sourcecode.swift; path = Column.swift; sourceTree = "<group>"; };
		F559A307233786A800DD2A59 /* RowItem.swift */ = {isa = PBXFileReference; lastKnownFileType = sourcecode.swift; path = RowItem.swift; sourceTree = "<group>"; };
		F559A309233786C900DD2A59 /* Row.swift */ = {isa = PBXFileReference; lastKnownFileType = sourcecode.swift; path = Row.swift; sourceTree = "<group>"; };
		F559A30B233788BC00DD2A59 /* WidthAwareComponent.swift */ = {isa = PBXFileReference; lastKnownFileType = sourcecode.swift; path = WidthAwareComponent.swift; sourceTree = "<group>"; };
		F559A30D233788C500DD2A59 /* WidthAwareLayoutComponent.swift */ = {isa = PBXFileReference; lastKnownFileType = sourcecode.swift; path = WidthAwareLayoutComponent.swift; sourceTree = "<group>"; };
		F559A30F233788EF00DD2A59 /* WidthAwareContainer.swift */ = {isa = PBXFileReference; lastKnownFileType = sourcecode.swift; path = WidthAwareContainer.swift; sourceTree = "<group>"; };
		F559A3112337890B00DD2A59 /* WidthAwareRow.swift */ = {isa = PBXFileReference; lastKnownFileType = sourcecode.swift; path = WidthAwareRow.swift; sourceTree = "<group>"; };
/* End PBXFileReference section */

/* Begin PBXFrameworksBuildPhase section */
		F509224022EC8ADD00527DAB /* Frameworks */ = {
			isa = PBXFrameworksBuildPhase;
			buildActionMask = 2147483647;
			files = (
			);
			runOnlyForDeploymentPostprocessing = 0;
		};
/* End PBXFrameworksBuildPhase section */

/* Begin PBXGroup section */
		F509223922EC8ADD00527DAB = {
			isa = PBXGroup;
			children = (
				F509224522EC8ADD00527DAB /* Layout */,
				F509224422EC8ADD00527DAB /* Products */,
			);
			sourceTree = "<group>";
		};
		F509224422EC8ADD00527DAB /* Products */ = {
			isa = PBXGroup;
			children = (
				F509224322EC8ADD00527DAB /* Layout.framework */,
			);
			name = Products;
			sourceTree = "<group>";
		};
		F509224522EC8ADD00527DAB /* Layout */ = {
			isa = PBXGroup;
			children = (
				F509224622EC8ADD00527DAB /* Layout.h */,
				F509224722EC8ADD00527DAB /* Info.plist */,
				F509227F22EC8D1E00527DAB /* Core */,
				F559A2E52337822B00DD2A59 /* Declarative */,
			);
			path = Layout;
			sourceTree = "<group>";
		};
		F509227F22EC8D1E00527DAB /* Core */ = {
			isa = PBXGroup;
			children = (
				F559A2E2233673BE00DD2A59 /* Common */,
				F559A2E1233673AC00DD2A59 /* Stack */,
				F559A2DD2336732200DD2A59 /* AspectRatioLayout.swift */,
				F559A2DB233672F500DD2A59 /* HorizontalLayout.swift */,
				F509228322EC8D1E00527DAB /* Layout.swift */,
				F559A2D9233672CD00DD2A59 /* VerticalLayout.swift */,
			);
			path = Core;
			sourceTree = "<group>";
		};
		F559A2E1233673AC00DD2A59 /* Stack */ = {
			isa = PBXGroup;
			children = (
				F509228222EC8D1E00527DAB /* HeightAwareStackLayout.swift */,
				F509228022EC8D1E00527DAB /* StackLayout.swift */,
				F509228122EC8D1E00527DAB /* WidthAwareStackLayout.swift */,
			);
			path = Stack;
			sourceTree = "<group>";
		};
		F559A2E2233673BE00DD2A59 /* Common */ = {
			isa = PBXGroup;
			children = (
				F559A2D52336726C00DD2A59 /* Center.swift */,
				F559A2D72336729600DD2A59 /* Length.swift */,
				F559A2DF2336735B00DD2A59 /* SizeAware.swift */,
			);
			path = Common;
			sourceTree = "<group>";
		};
		F559A2E52337822B00DD2A59 /* Declarative */ = {
			isa = PBXGroup;
			children = (
				F559A2EA2337827300DD2A59 /* FrameHolder.swift */,
				F559A2E82337825400DD2A59 /* Insets.swift */,
				F559A2EC2337829200DD2A59 /* LayoutComponent.swift */,
				F50922AE22ECA91700527DAB /* UIKit+Layout.swift */,
				F559A2EE233782A900DD2A59 /* Fixed */,
				F559A2F1233782D000DD2A59 /* SizeAware */,
				F559A3022337866100DD2A59 /* Stack */,
			);
			path = Declarative;
			sourceTree = "<group>";
		};
		F559A2EE233782A900DD2A59 /* Fixed */ = {
			isa = PBXGroup;
			children = (
				F559A2EF233782BB00DD2A59 /* Component.swift */,
				F559A2F42337830E00DD2A59 /* Container.swift */,
				F559A2F62337832F00DD2A59 /* AspectRatioComponent.swift */,
				F559A2F82337834A00DD2A59 /* EmptyComponent.swift */,
			);
			path = Fixed;
			sourceTree = "<group>";
		};
		F559A2F1233782D000DD2A59 /* SizeAware */ = {
			isa = PBXGroup;
			children = (
				F559A2F2233782E400DD2A59 /* Component+SizeAware.swift */,
				F559A3002337849100DD2A59 /* HeightAwareColumn.swift */,
				F559A2FA2337841F00DD2A59 /* HeightAwareComponent.swift */,
				F559A2FE2337846E00DD2A59 /* HeightAwareContainer.swift */,
				F559A2FC2337845B00DD2A59 /* HeightAwareLayoutComponent.swift */,
				F559A30B233788BC00DD2A59 /* WidthAwareComponent.swift */,
				F559A30F233788EF00DD2A59 /* WidthAwareContainer.swift */,
				F559A30D233788C500DD2A59 /* WidthAwareLayoutComponent.swift */,
				F559A3112337890B00DD2A59 /* WidthAwareRow.swift */,
			);
			path = SizeAware;
			sourceTree = "<group>";
		};
		F559A3022337866100DD2A59 /* Stack */ = {
			isa = PBXGroup;
			children = (
				F559A3052337868D00DD2A59 /* Column.swift */,
				F559A3032337867000DD2A59 /* ColumnItem.swift */,
				F559A309233786C900DD2A59 /* Row.swift */,
				F559A307233786A800DD2A59 /* RowItem.swift */,
			);
			path = Stack;
			sourceTree = "<group>";
		};
/* End PBXGroup section */

/* Begin PBXHeadersBuildPhase section */
		F509223E22EC8ADD00527DAB /* Headers */ = {
			isa = PBXHeadersBuildPhase;
			buildActionMask = 2147483647;
			files = (
				F509225422EC8ADD00527DAB /* Layout.h in Headers */,
			);
			runOnlyForDeploymentPostprocessing = 0;
		};
/* End PBXHeadersBuildPhase section */

/* Begin PBXNativeTarget section */
		F509224222EC8ADD00527DAB /* Layout */ = {
			isa = PBXNativeTarget;
			buildConfigurationList = F509225722EC8ADD00527DAB /* Build configuration list for PBXNativeTarget "Layout" */;
			buildPhases = (
				F509223E22EC8ADD00527DAB /* Headers */,
				F509223F22EC8ADD00527DAB /* Sources */,
				F509224022EC8ADD00527DAB /* Frameworks */,
				F509224122EC8ADD00527DAB /* Resources */,
			);
			buildRules = (
			);
			dependencies = (
			);
			name = Layout;
			productName = Layout;
			productReference = F509224322EC8ADD00527DAB /* Layout.framework */;
			productType = "com.apple.product-type.framework";
		};
/* End PBXNativeTarget section */

/* Begin PBXProject section */
		F509223A22EC8ADD00527DAB /* Project object */ = {
			isa = PBXProject;
			attributes = {
				LastSwiftUpdateCheck = 1010;
				LastUpgradeCheck = 1010;
				ORGANIZATIONNAME = "Vladislav Librecht";
				TargetAttributes = {
					F509224222EC8ADD00527DAB = {
						CreatedOnToolsVersion = 10.1;
						LastSwiftMigration = 1010;
					};
				};
			};
			buildConfigurationList = F509223D22EC8ADD00527DAB /* Build configuration list for PBXProject "Layout" */;
			compatibilityVersion = "Xcode 9.3";
			developmentRegion = en;
			hasScannedForEncodings = 0;
			knownRegions = (
				en,
			);
			mainGroup = F509223922EC8ADD00527DAB;
			productRefGroup = F509224422EC8ADD00527DAB /* Products */;
			projectDirPath = "";
			projectRoot = "";
			targets = (
				F509224222EC8ADD00527DAB /* Layout */,
			);
		};
/* End PBXProject section */

/* Begin PBXResourcesBuildPhase section */
		F509224122EC8ADD00527DAB /* Resources */ = {
			isa = PBXResourcesBuildPhase;
			buildActionMask = 2147483647;
			files = (
			);
			runOnlyForDeploymentPostprocessing = 0;
		};
/* End PBXResourcesBuildPhase section */

/* Begin PBXSourcesBuildPhase section */
		F509223F22EC8ADD00527DAB /* Sources */ = {
			isa = PBXSourcesBuildPhase;
			buildActionMask = 2147483647;
			files = (
				F559A2E92337825400DD2A59 /* Insets.swift in Sources */,
				F559A2F0233782BB00DD2A59 /* Component.swift in Sources */,
				F509228A22EC8D1E00527DAB /* HeightAwareStackLayout.swift in Sources */,
				F559A2DC233672F500DD2A59 /* HorizontalLayout.swift in Sources */,
				F509228B22EC8D1E00527DAB /* Layout.swift in Sources */,
				F559A2FB2337841F00DD2A59 /* HeightAwareComponent.swift in Sources */,
				F509228922EC8D1E00527DAB /* WidthAwareStackLayout.swift in Sources */,
				F559A2EB2337827300DD2A59 /* FrameHolder.swift in Sources */,
				F559A2F92337834A00DD2A59 /* EmptyComponent.swift in Sources */,
				F559A310233788EF00DD2A59 /* WidthAwareContainer.swift in Sources */,
				F559A30A233786C900DD2A59 /* Row.swift in Sources */,
				F559A2FF2337846E00DD2A59 /* HeightAwareContainer.swift in Sources */,
				F559A2F72337832F00DD2A59 /* AspectRatioComponent.swift in Sources */,
				F559A2FD2337845B00DD2A59 /* HeightAwareLayoutComponent.swift in Sources */,
				F509228822EC8D1E00527DAB /* StackLayout.swift in Sources */,
				F559A2E02336735B00DD2A59 /* SizeAware.swift in Sources */,
				F559A2ED2337829200DD2A59 /* LayoutComponent.swift in Sources */,
				F559A30C233788BC00DD2A59 /* WidthAwareComponent.swift in Sources */,
				F559A308233786A800DD2A59 /* RowItem.swift in Sources */,
				F559A2DA233672CD00DD2A59 /* VerticalLayout.swift in Sources */,
				F559A30E233788C500DD2A59 /* WidthAwareLayoutComponent.swift in Sources */,
				F559A2DE2336732200DD2A59 /* AspectRatioLayout.swift in Sources */,
				F559A3122337890B00DD2A59 /* WidthAwareRow.swift in Sources */,
				F559A2F3233782E400DD2A59 /* Component+SizeAware.swift in Sources */,
				F50922B222ECA91700527DAB /* UIKit+Layout.swift in Sources */,
				F559A3062337868D00DD2A59 /* Column.swift in Sources */,
				F559A2D82336729600DD2A59 /* Length.swift in Sources */,
				F559A2F52337830E00DD2A59 /* Container.swift in Sources */,
				F559A2D62336726C00DD2A59 /* Center.swift in Sources */,
				F559A3042337867000DD2A59 /* ColumnItem.swift in Sources */,
				F559A3012337849100DD2A59 /* HeightAwareColumn.swift in Sources */,
			);
			runOnlyForDeploymentPostprocessing = 0;
		};
/* End PBXSourcesBuildPhase section */

/* Begin XCBuildConfiguration section */
		F509225522EC8ADD00527DAB /* Debug */ = {
			isa = XCBuildConfiguration;
			buildSettings = {
				ALWAYS_SEARCH_USER_PATHS = NO;
				CLANG_ANALYZER_NONNULL = YES;
				CLANG_ANALYZER_NUMBER_OBJECT_CONVERSION = YES_AGGRESSIVE;
				CLANG_CXX_LANGUAGE_STANDARD = "gnu++14";
				CLANG_CXX_LIBRARY = "libc++";
				CLANG_ENABLE_MODULES = YES;
				CLANG_ENABLE_OBJC_ARC = YES;
				CLANG_ENABLE_OBJC_WEAK = YES;
				CLANG_WARN_BLOCK_CAPTURE_AUTORELEASING = YES;
				CLANG_WARN_BOOL_CONVERSION = YES;
				CLANG_WARN_COMMA = YES;
				CLANG_WARN_CONSTANT_CONVERSION = YES;
				CLANG_WARN_DEPRECATED_OBJC_IMPLEMENTATIONS = YES;
				CLANG_WARN_DIRECT_OBJC_ISA_USAGE = YES_ERROR;
				CLANG_WARN_DOCUMENTATION_COMMENTS = YES;
				CLANG_WARN_EMPTY_BODY = YES;
				CLANG_WARN_ENUM_CONVERSION = YES;
				CLANG_WARN_INFINITE_RECURSION = YES;
				CLANG_WARN_INT_CONVERSION = YES;
				CLANG_WARN_NON_LITERAL_NULL_CONVERSION = YES;
				CLANG_WARN_OBJC_IMPLICIT_RETAIN_SELF = YES;
				CLANG_WARN_OBJC_LITERAL_CONVERSION = YES;
				CLANG_WARN_OBJC_ROOT_CLASS = YES_ERROR;
				CLANG_WARN_RANGE_LOOP_ANALYSIS = YES;
				CLANG_WARN_STRICT_PROTOTYPES = YES;
				CLANG_WARN_SUSPICIOUS_MOVE = YES;
				CLANG_WARN_UNGUARDED_AVAILABILITY = YES_AGGRESSIVE;
				CLANG_WARN_UNREACHABLE_CODE = YES;
				CLANG_WARN__DUPLICATE_METHOD_MATCH = YES;
				CODE_SIGN_IDENTITY = "iPhone Developer";
				COPY_PHASE_STRIP = NO;
				CURRENT_PROJECT_VERSION = 1;
				DEBUG_INFORMATION_FORMAT = dwarf;
				ENABLE_STRICT_OBJC_MSGSEND = YES;
				ENABLE_TESTABILITY = YES;
				GCC_C_LANGUAGE_STANDARD = gnu11;
				GCC_DYNAMIC_NO_PIC = NO;
				GCC_NO_COMMON_BLOCKS = YES;
				GCC_OPTIMIZATION_LEVEL = 0;
				GCC_PREPROCESSOR_DEFINITIONS = (
					"DEBUG=1",
					"$(inherited)",
				);
				GCC_WARN_64_TO_32_BIT_CONVERSION = YES;
				GCC_WARN_ABOUT_RETURN_TYPE = YES_ERROR;
				GCC_WARN_UNDECLARED_SELECTOR = YES;
				GCC_WARN_UNINITIALIZED_AUTOS = YES_AGGRESSIVE;
				GCC_WARN_UNUSED_FUNCTION = YES;
				GCC_WARN_UNUSED_VARIABLE = YES;
				IPHONEOS_DEPLOYMENT_TARGET = 12.1;
				MTL_ENABLE_DEBUG_INFO = INCLUDE_SOURCE;
				MTL_FAST_MATH = YES;
				ONLY_ACTIVE_ARCH = YES;
				SDKROOT = iphoneos;
				SWIFT_ACTIVE_COMPILATION_CONDITIONS = DEBUG;
				SWIFT_OPTIMIZATION_LEVEL = "-Onone";
				VERSIONING_SYSTEM = "apple-generic";
				VERSION_INFO_PREFIX = "";
			};
			name = Debug;
		};
		F509225622EC8ADD00527DAB /* Release */ = {
			isa = XCBuildConfiguration;
			buildSettings = {
				ALWAYS_SEARCH_USER_PATHS = NO;
				CLANG_ANALYZER_NONNULL = YES;
				CLANG_ANALYZER_NUMBER_OBJECT_CONVERSION = YES_AGGRESSIVE;
				CLANG_CXX_LANGUAGE_STANDARD = "gnu++14";
				CLANG_CXX_LIBRARY = "libc++";
				CLANG_ENABLE_MODULES = YES;
				CLANG_ENABLE_OBJC_ARC = YES;
				CLANG_ENABLE_OBJC_WEAK = YES;
				CLANG_WARN_BLOCK_CAPTURE_AUTORELEASING = YES;
				CLANG_WARN_BOOL_CONVERSION = YES;
				CLANG_WARN_COMMA = YES;
				CLANG_WARN_CONSTANT_CONVERSION = YES;
				CLANG_WARN_DEPRECATED_OBJC_IMPLEMENTATIONS = YES;
				CLANG_WARN_DIRECT_OBJC_ISA_USAGE = YES_ERROR;
				CLANG_WARN_DOCUMENTATION_COMMENTS = YES;
				CLANG_WARN_EMPTY_BODY = YES;
				CLANG_WARN_ENUM_CONVERSION = YES;
				CLANG_WARN_INFINITE_RECURSION = YES;
				CLANG_WARN_INT_CONVERSION = YES;
				CLANG_WARN_NON_LITERAL_NULL_CONVERSION = YES;
				CLANG_WARN_OBJC_IMPLICIT_RETAIN_SELF = YES;
				CLANG_WARN_OBJC_LITERAL_CONVERSION = YES;
				CLANG_WARN_OBJC_ROOT_CLASS = YES_ERROR;
				CLANG_WARN_RANGE_LOOP_ANALYSIS = YES;
				CLANG_WARN_STRICT_PROTOTYPES = YES;
				CLANG_WARN_SUSPICIOUS_MOVE = YES;
				CLANG_WARN_UNGUARDED_AVAILABILITY = YES_AGGRESSIVE;
				CLANG_WARN_UNREACHABLE_CODE = YES;
				CLANG_WARN__DUPLICATE_METHOD_MATCH = YES;
				CODE_SIGN_IDENTITY = "iPhone Developer";
				COPY_PHASE_STRIP = NO;
				CURRENT_PROJECT_VERSION = 1;
				DEBUG_INFORMATION_FORMAT = "dwarf-with-dsym";
				ENABLE_NS_ASSERTIONS = NO;
				ENABLE_STRICT_OBJC_MSGSEND = YES;
				GCC_C_LANGUAGE_STANDARD = gnu11;
				GCC_NO_COMMON_BLOCKS = YES;
				GCC_WARN_64_TO_32_BIT_CONVERSION = YES;
				GCC_WARN_ABOUT_RETURN_TYPE = YES_ERROR;
				GCC_WARN_UNDECLARED_SELECTOR = YES;
				GCC_WARN_UNINITIALIZED_AUTOS = YES_AGGRESSIVE;
				GCC_WARN_UNUSED_FUNCTION = YES;
				GCC_WARN_UNUSED_VARIABLE = YES;
				IPHONEOS_DEPLOYMENT_TARGET = 12.1;
				MTL_ENABLE_DEBUG_INFO = NO;
				MTL_FAST_MATH = YES;
				SDKROOT = iphoneos;
				SWIFT_COMPILATION_MODE = wholemodule;
				SWIFT_OPTIMIZATION_LEVEL = "-O";
				VALIDATE_PRODUCT = YES;
				VERSIONING_SYSTEM = "apple-generic";
				VERSION_INFO_PREFIX = "";
			};
			name = Release;
		};
		F509225822EC8ADD00527DAB /* Debug */ = {
			isa = XCBuildConfiguration;
			buildSettings = {
				CLANG_ENABLE_MODULES = YES;
				CODE_SIGN_IDENTITY = "";
				CODE_SIGN_STYLE = Automatic;
				DEFINES_MODULE = YES;
				DYLIB_COMPATIBILITY_VERSION = 1;
				DYLIB_CURRENT_VERSION = 1;
				DYLIB_INSTALL_NAME_BASE = "@rpath";
				INFOPLIST_FILE = Layout/Info.plist;
				INSTALL_PATH = "$(LOCAL_LIBRARY_DIR)/Frameworks";
				LD_RUNPATH_SEARCH_PATHS = (
					"$(inherited)",
					"@executable_path/Frameworks",
					"@loader_path/Frameworks",
				);
				PRODUCT_BUNDLE_IDENTIFIER = com.librecht.Layout;
				PRODUCT_NAME = "$(TARGET_NAME:c99extidentifier)";
				SKIP_INSTALL = YES;
				SWIFT_OPTIMIZATION_LEVEL = "-Onone";
				SWIFT_VERSION = 4.2;
				TARGETED_DEVICE_FAMILY = "1,2";
			};
			name = Debug;
		};
		F509225922EC8ADD00527DAB /* Release */ = {
			isa = XCBuildConfiguration;
			buildSettings = {
				CLANG_ENABLE_MODULES = YES;
				CODE_SIGN_IDENTITY = "";
				CODE_SIGN_STYLE = Automatic;
				DEFINES_MODULE = YES;
				DYLIB_COMPATIBILITY_VERSION = 1;
				DYLIB_CURRENT_VERSION = 1;
				DYLIB_INSTALL_NAME_BASE = "@rpath";
				INFOPLIST_FILE = Layout/Info.plist;
				INSTALL_PATH = "$(LOCAL_LIBRARY_DIR)/Frameworks";
				LD_RUNPATH_SEARCH_PATHS = (
					"$(inherited)",
					"@executable_path/Frameworks",
					"@loader_path/Frameworks",
				);
				PRODUCT_BUNDLE_IDENTIFIER = com.librecht.Layout;
				PRODUCT_NAME = "$(TARGET_NAME:c99extidentifier)";
				SKIP_INSTALL = YES;
				SWIFT_VERSION = 4.2;
				TARGETED_DEVICE_FAMILY = "1,2";
			};
			name = Release;
		};
/* End XCBuildConfiguration section */

/* Begin XCConfigurationList section */
		F509223D22EC8ADD00527DAB /* Build configuration list for PBXProject "Layout" */ = {
			isa = XCConfigurationList;
			buildConfigurations = (
				F509225522EC8ADD00527DAB /* Debug */,
				F509225622EC8ADD00527DAB /* Release */,
			);
			defaultConfigurationIsVisible = 0;
			defaultConfigurationName = Release;
		};
		F509225722EC8ADD00527DAB /* Build configuration list for PBXNativeTarget "Layout" */ = {
			isa = XCConfigurationList;
			buildConfigurations = (
				F509225822EC8ADD00527DAB /* Debug */,
				F509225922EC8ADD00527DAB /* Release */,
			);
			defaultConfigurationIsVisible = 0;
			defaultConfigurationName = Release;
		};
/* End XCConfigurationList section */
	};
	rootObject = F509223A22EC8ADD00527DAB /* Project object */;
}
